
Microsoft Visual Studio Solution File, Format Version 12.00
# Visual Studio Version 17
VisualStudioVersion = 17.7.34202.233
MinimumVisualStudioVersion = 10.0.40219.1
Project("{FAE04EC0-301F-11D3-BF4B-00C04F79EFBC}") = "OOP-Generics", "OOP-Generics\OOP-Generics.csproj", "{29A9BA6A-1B85-481F-81B5-634E0921358B}"
EndProject
Global
	GlobalSection(SolutionConfigurationPlatforms) = preSolution
		Debug|Any CPU = Debug|Any CPU
		Release|Any CPU = Release|Any CPU
	EndGlobalSection
	GlobalSection(ProjectConfigurationPlatforms) = postSolution
		{29A9BA6A-1B85-481F-81B5-634E0921358B}.Debug|Any CPU.ActiveCfg = Debug|Any CPU
		{29A9BA6A-1B85-481F-81B5-634E0921358B}.Debug|Any CPU.Build.0 = Debug|Any CPU
		{29A9BA6A-1B85-481F-81B5-634E0921358B}.Release|Any CPU.ActiveCfg = Release|Any CPU
		{29A9BA6A-1B85-481F-81B5-634E0921358B}.Release|Any CPU.Build.0 = Release|Any CPU
	EndGlobalSection
	GlobalSection(SolutionProperties) = preSolution
		HideSolutionNode = FALSE
	EndGlobalSection
	GlobalSection(ExtensibilityGlobals) = postSolution
		SolutionGuid = {F8655399-0A63-4952-B265-6ABCB52BE29C}
	EndGlobalSection
EndGlobal
